
Microsoft Visual Studio Solution File, Format Version 12.00
Project("{FAE04EC0-301F-11D3-BF4B-00C04F79EFBC}") = "VideoWall", "VideoWall\VideoWall.csproj", "{A718BE34-0DEA-47F4-AA8D-96319AF1377D}"
EndProject
Project("{2150E333-8FDC-42A3-9474-1A3956D46DE8}") = "External", "External", "{B984A97D-8705-4EBB-B521-ADEF70D8F233}"
EndProject
Project("{FAE04EC0-301F-11D3-BF4B-00C04F79EFBC}") = "SilkNetConvenience.Vulkan", "External\SilkNetConvenience\SilkNetConvenience.Vulkan\SilkNetConvenience.Vulkan.csproj", "{CDF5E8E7-2040-4E7B-A114-43B9C8388BED}"
EndProject
Project("{2150E333-8FDC-42A3-9474-1A3956D46DE8}") = "Scripts", "Scripts", "{AB348B9B-5BDB-448B-9E74-79E5A2BA26E5}"
	ProjectSection(SolutionItems) = preProject
		compile_shaders.sh = compile_shaders.sh
	EndProjectSection
EndProject
Project("{FAE04EC0-301F-11D3-BF4B-00C04F79EFBC}") = "Illustrate", "External\Illustrate\Illustrate\Illustrate.csproj", "{0E614C18-0B2B-4F93-84A3-6DF80038F0A7}"
EndProject
Project("{FAE04EC0-301F-11D3-BF4B-00C04F79EFBC}") = "SilkNetConvenience.Assimp", "External\SilkNetConvenience\SilkNetConvenience.Assimp\SilkNetConvenience.Assimp.csproj", "{365FDBC4-1466-4C5F-BC86-8378A5B6346C}"
EndProject
Project("{FAE04EC0-301F-11D3-BF4B-00C04F79EFBC}") = "VideoWall.Server", "VideoWall.Server\VideoWall.Server.csproj", "{1223C962-BFB9-4C6E-AF42-190ADEB627EF}"
EndProject
Project("{FAE04EC0-301F-11D3-BF4B-00C04F79EFBC}") = "VideoWall.Display", "VideoWall.Display\VideoWall.Display.csproj", "{C7151041-65FD-4884-9DC9-C04D10B7382A}"
EndProject
Global
	GlobalSection(SolutionConfigurationPlatforms) = preSolution
		Debug|Any CPU = Debug|Any CPU
		Release|Any CPU = Release|Any CPU
	EndGlobalSection
	GlobalSection(ProjectConfigurationPlatforms) = postSolution
		{A718BE34-0DEA-47F4-AA8D-96319AF1377D}.Debug|Any CPU.ActiveCfg = Debug|Any CPU
		{A718BE34-0DEA-47F4-AA8D-96319AF1377D}.Debug|Any CPU.Build.0 = Debug|Any CPU
		{A718BE34-0DEA-47F4-AA8D-96319AF1377D}.Release|Any CPU.ActiveCfg = Release|Any CPU
		{A718BE34-0DEA-47F4-AA8D-96319AF1377D}.Release|Any CPU.Build.0 = Release|Any CPU
		{CDF5E8E7-2040-4E7B-A114-43B9C8388BED}.Debug|Any CPU.ActiveCfg = Debug|Any CPU
		{CDF5E8E7-2040-4E7B-A114-43B9C8388BED}.Debug|Any CPU.Build.0 = Debug|Any CPU
		{CDF5E8E7-2040-4E7B-A114-43B9C8388BED}.Release|Any CPU.ActiveCfg = Release|Any CPU
		{CDF5E8E7-2040-4E7B-A114-43B9C8388BED}.Release|Any CPU.Build.0 = Release|Any CPU
		{0E614C18-0B2B-4F93-84A3-6DF80038F0A7}.Debug|Any CPU.ActiveCfg = Debug|Any CPU
		{0E614C18-0B2B-4F93-84A3-6DF80038F0A7}.Debug|Any CPU.Build.0 = Debug|Any CPU
		{0E614C18-0B2B-4F93-84A3-6DF80038F0A7}.Release|Any CPU.ActiveCfg = Release|Any CPU
		{0E614C18-0B2B-4F93-84A3-6DF80038F0A7}.Release|Any CPU.Build.0 = Release|Any CPU
		{365FDBC4-1466-4C5F-BC86-8378A5B6346C}.Debug|Any CPU.ActiveCfg = Debug|Any CPU
		{365FDBC4-1466-4C5F-BC86-8378A5B6346C}.Debug|Any CPU.Build.0 = Debug|Any CPU
		{365FDBC4-1466-4C5F-BC86-8378A5B6346C}.Release|Any CPU.ActiveCfg = Release|Any CPU
		{365FDBC4-1466-4C5F-BC86-8378A5B6346C}.Release|Any CPU.Build.0 = Release|Any CPU
		{1223C962-BFB9-4C6E-AF42-190ADEB627EF}.Debug|Any CPU.ActiveCfg = Debug|Any CPU
		{1223C962-BFB9-4C6E-AF42-190ADEB627EF}.Debug|Any CPU.Build.0 = Debug|Any CPU
		{1223C962-BFB9-4C6E-AF42-190ADEB627EF}.Release|Any CPU.ActiveCfg = Release|Any CPU
		{1223C962-BFB9-4C6E-AF42-190ADEB627EF}.Release|Any CPU.Build.0 = Release|Any CPU
		{C7151041-65FD-4884-9DC9-C04D10B7382A}.Debug|Any CPU.ActiveCfg = Debug|Any CPU
		{C7151041-65FD-4884-9DC9-C04D10B7382A}.Debug|Any CPU.Build.0 = Debug|Any CPU
		{C7151041-65FD-4884-9DC9-C04D10B7382A}.Release|Any CPU.ActiveCfg = Release|Any CPU
		{C7151041-65FD-4884-9DC9-C04D10B7382A}.Release|Any CPU.Build.0 = Release|Any CPU
	EndGlobalSection
	GlobalSection(NestedProjects) = preSolution
		{CDF5E8E7-2040-4E7B-A114-43B9C8388BED} = {B984A97D-8705-4EBB-B521-ADEF70D8F233}
		{0E614C18-0B2B-4F93-84A3-6DF80038F0A7} = {B984A97D-8705-4EBB-B521-ADEF70D8F233}
		{365FDBC4-1466-4C5F-BC86-8378A5B6346C} = {B984A97D-8705-4EBB-B521-ADEF70D8F233}
	EndGlobalSection
EndGlobal
